// !$*UTF8*$!
{
	archiveVersion = 1;
	classes = {
	};
	objectVersion = 77;
	objects = {

/* Begin PBXContainerItemProxy section */
		9C3E67E02F8B6B8000DC8F69 /* PBXContainerItemProxy */ = {
			isa = PBXContainerItemProxy;
			containerPortal = 9C3E67C82F8B6B7F00DC8F69 /* Project object */;
			proxyType = 1;
			remoteGlobalIDString = 9C3E67CF2F8B6B7F00DC8F69;
			remoteInfo = CollegeTracker;
		};
		9C3E67EA2F8B6B8000DC8F69 /* PBXContainerItemProxy */ = {
			isa = PBXContainerItemProxy;
			containerPortal = 9C3E67C82F8B6B7F00DC8F69 /* Project object */;
			proxyType = 1;
			remoteGlobalIDString = 9C3E67CF2F8B6B7F00DC8F69;
			remoteInfo = CollegeTracker;
		};
/* End PBXContainerItemProxy section */

/* Begin PBXFileReference section */
		9C3E67D02F8B6B7F00DC8F69 /* CollegeTracker.app */ = {isa = PBXFileReference; explicitFileType = wrapper.application; includeInIndex = 0; path = CollegeTracker.app; sourceTree = BUILT_PRODUCTS_DIR; };
		9C3E67DF2F8B6B8000DC8F69 /* CollegeTrackerTests.xctest */ = {isa = PBXFileReference; explicitFileType = wrapper.cfbundle; includeInIndex = 0; path = CollegeTrackerTests.xctest; sourceTree = BUILT_PRODUCTS_DIR; };
		9C3E67E92F8B6B8000DC8F69 /* CollegeTrackerUITests.xctest */ = {isa = PBXFileReference; explicitFileType = wrapper.cfbundle; includeInIndex = 0; path = CollegeTrackerUITests.xctest; sourceTree = BUILT_PRODUCTS_DIR; };
/* End PBXFileReference section */

/* Begin PBXFileSystemSynchronizedRootGroup section */
		9C3E67D22F8B6B7F00DC8F69 /* CollegeTracker */ = {
			isa = PBXFileSystemSynchronizedRootGroup;
			path = CollegeTracker;
			sourceTree = "<group>";
		};
		9C3E67E22F8B6B8000DC8F69 /* CollegeTrackerTests */ = {
			isa = PBXFileSystemSynchronizedRootGroup;
			path = CollegeTrackerTests;
			sourceTree = "<group>";
		};
		9C3E67EC2F8B6B8000DC8F69 /* CollegeTrackerUITests */ = {
			isa = PBXFileSystemSynchronizedRootGroup;
			path = CollegeTrackerUITests;
			sourceTree = "<group>";
		};
/* End PBXFileSystemSynchronizedRootGroup section */

/* Begin PBXFrameworksBuildPhase section */
		9C3E67CD2F8B6B7F00DC8F69 /* Frameworks */ = {
			isa = PBXFrameworksBuildPhase;
			buildActionMask = 2147483647;
			files = (
			);
			runOnlyForDeploymentPostprocessing = 0;
		};
		9C3E67DC2F8B6B8000DC8F69 /* Frameworks */ = {
			isa = PBXFrameworksBuildPhase;
			buildActionMask = 2147483647;
			files = (
			);
			runOnlyForDeploymentPostprocessing = 0;
		};
		9C3E67E62F8B6B8000DC8F69 /* Frameworks */ = {
			isa = PBXFrameworksBuildPhase;
			buildActionMask = 2147483647;
			files = (
			);
			runOnlyForDeploymentPostprocessing = 0;
		};
/* End PBXFrameworksBuildPhase section */

/* Begin PBXGroup section */
		9C3E67C72F8B6B7F00DC8F69 = {
			isa = PBXGroup;
			children = (
				9C3E67D22F8B6B7F00DC8F69 /* CollegeTracker */,
				9C3E67E22F8B6B8000DC8F69 /* CollegeTrackerTests */,
				9C3E67EC2F8B6B8000DC8F69 /* CollegeTrackerUITests */,
				9C3E67D12F8B6B7F00DC8F69 /* Products */,
			);
			sourceTree = "<group>";
		};
		9C3E67D12F8B6B7F00DC8F69 /* Products */ = {
			isa = PBXGroup;
			children = (
				9C3E67D02F8B6B7F00DC8F69 /* CollegeTracker.app */,
				9C3E67DF2F8B6B8000DC8F69 /* CollegeTrackerTests.xctest */,
				9C3E67E92F8B6B8000DC8F69 /* CollegeTrackerUITests.xctest */,
			);
			name = Products;
			sourceTree = "<group>";
		};
/* End PBXGroup section */

/* Begin PBXNativeTarget section */
		9C3E67CF2F8B6B7F00DC8F69 /* CollegeTracker */ = {
			isa = PBXNativeTarget;
			buildConfigurationList = 9C3E67F32F8B6B8000DC8F69 /* Build configuration list for PBXNativeTarget "CollegeTracker" */;
			buildPhases = (
				9C3E67CC2F8B6B7F00DC8F69 /* Sources */,
				9C3E67CD2F8B6B7F00DC8F69 /* Frameworks */,
				9C3E67CE2F8B6B7F00DC8F69 /* Resources */,
			);
			buildRules = (
			);
			dependencies = (
			);
			fileSystemSynchronizedGroups = (
				9C3E67D22F8B6B7F00DC8F69 /* CollegeTracker */,
			);
			name = CollegeTracker;
			packageProductDependencies = (
			);
			productName = CollegeTracker;
			productReference = 9C3E67D02F8B6B7F00DC8F69 /* CollegeTracker.app */;
			productType = "com.apple.product-type.application";
		};
		9C3E67DE2F8B6B8000DC8F69 /* CollegeTrackerTests */ = {
			isa = PBXNativeTarget;
			buildConfigurationList = 9C3E67F62F8B6B8000DC8F69 /* Build configuration list for PBXNativeTarget "CollegeTrackerTests" */;
			buildPhases = (
				9C3E67DB2F8B6B8000DC8F69 /* Sources */,
				9C3E67DC2F8B6B8000DC8F69 /* Frameworks */,
				9C3E67DD2F8B6B8000DC8F69 /* Resources */,
			);
			buildRules = (
			);
			dependencies = (
				9C3E67E12F8B6B8000DC8F69 /* PBXTargetDependency */,
			);
			fileSystemSynchronizedGroups = (
				9C3E67E22F8B6B8000DC8F69 /* CollegeTrackerTests */,
			);
			name = CollegeTrackerTests;
			packageProductDependencies = (
			);
			productName = CollegeTrackerTests;
			productReference = 9C3E67DF2F8B6B8000DC8F69 /* CollegeTrackerTests.xctest */;
			productType = "com.apple.product-type.bundle.unit-test";
		};
		9C3E67E82F8B6B8000DC8F69 /* CollegeTrackerUITests */ = {
			isa = PBXNativeTarget;
			buildConfigurationList = 9C3E67F92F8B6B8000DC8F69 /* Build configuration list for PBXNativeTarget "CollegeTrackerUITests" */;
			buildPhases = (
				9C3E67E52F8B6B8000DC8F69 /* Sources */,
				9C3E67E62F8B6B8000DC8F69 /* Frameworks */,
				9C3E67E72F8B6B8000DC8F69 /* Resources */,
			);
			buildRules = (
			);
			dependencies = (
				9C3E67EB2F8B6B8000DC8F69 /* PBXTargetDependency */,
			);
			fileSystemSynchronizedGroups = (
				9C3E67EC2F8B6B8000DC8F69 /* CollegeTrackerUITests */,
			);
			name = CollegeTrackerUITests;
			packageProductDependencies = (
			);
			productName = CollegeTrackerUITests;
			productReference = 9C3E67E92F8B6B8000DC8F69 /* CollegeTrackerUITests.xctest */;
			productType = "com.apple.product-type.bundle.ui-testing";
		};
/* End PBXNativeTarget section */

/* Begin PBXProject section */
		9C3E67C82F8B6B7F00DC8F69 /* Project object */ = {
			isa = PBXProject;
			attributes = {
				BuildIndependentTargetsInParallel = 1;
				LastSwiftUpdateCheck = 2630;
				LastUpgradeCheck = 2630;
				TargetAttributes = {
					9C3E67CF2F8B6B7F00DC8F69 = {
						CreatedOnToolsVersion = 26.3;
					};
					9C3E67DE2F8B6B8000DC8F69 = {
						CreatedOnToolsVersion = 26.3;
						TestTargetID = 9C3E67CF2F8B6B7F00DC8F69;
					};
					9C3E67E82F8B6B8000DC8F69 = {
						CreatedOnToolsVersion = 26.3;
						TestTargetID = 9C3E67CF2F8B6B7F00DC8F69;
					};
				};
			};
			buildConfigurationList = 9C3E67CB2F8B6B7F00DC8F69 /* Build configuration list for PBXProject "CollegeTracker" */;
			developmentRegion = en;
			hasScannedForEncodings = 0;
			knownRegions = (
				en,
				Base,
			);
			mainGroup = 9C3E67C72F8B6B7F00DC8F69;
			minimizedProjectReferenceProxies = 1;
			preferredProjectObjectVersion = 77;
			productRefGroup = 9C3E67D12F8B6B7F00DC8F69 /* Products */;
			projectDirPath = "";
			projectRoot = "";
			targets = (
				9C3E67CF2F8B6B7F00DC8F69 /* CollegeTracker */,
				9C3E67DE2F8B6B8000DC8F69 /* CollegeTrackerTests */,
				9C3E67E82F8B6B8000DC8F69 /* CollegeTrackerUITests */,
			);
		};
/* End PBXProject section */

/* Begin PBXResourcesBuildPhase section */
		9C3E67CE2F8B6B7F00DC8F69 /* Resources */ = {
			isa = PBXResourcesBuildPhase;
			buildActionMask = 2147483647;
			files = (
			);
			runOnlyForDeploymentPostprocessing = 0;
		};
		9C3E67DD2F8B6B8000DC8F69 /* Resources */ = {
			isa = PBXResourcesBuildPhase;
			buildActionMask = 2147483647;
			files = (
			);
			runOnlyForDeploymentPostprocessing = 0;
		};
		9C3E67E72F8B6B8000DC8F69 /* Resources */ = {
			isa = PBXResourcesBuildPhase;
			buildActionMask = 2147483647;
			files = (
			);
			runOnlyForDeploymentPostprocessing = 0;
		};
/* End PBXResourcesBuildPhase section */

/* Begin PBXSourcesBuildPhase section */
		9C3E67CC2F8B6B7F00DC8F69 /* Sources */ = {
			isa = PBXSourcesBuildPhase;
			buildActionMask = 2147483647;
			files = (
			);
			runOnlyForDeploymentPostprocessing = 0;
		};
		9C3E67DB2F8B6B8000DC8F69 /* Sources */ = {
			isa = PBXSourcesBuildPhase;
			buildActionMask = 2147483647;
			files = (
			);
			runOnlyForDeploymentPostprocessing = 0;
		};
		9C3E67E52F8B6B8000DC8F69 /* Sources */ = {
			isa = PBXSourcesBuildPhase;
			buildActionMask = 2147483647;
			files = (
			);
			runOnlyForDeploymentPostprocessing = 0;
		};
/* End PBXSourcesBuildPhase section */

/* Begin PBXTargetDependency section */
		9C3E67E12F8B6B8000DC8F69 /* PBXTargetDependency */ = {
			isa = PBXTargetDependency;
			target = 9C3E67CF2F8B6B7F00DC8F69 /* CollegeTracker */;
			targetProxy = 9C3E67E02F8B6B8000DC8F69 /* PBXContainerItemProxy */;
		};
		9C3E67EB2F8B6B8000DC8F69 /* PBXTargetDependency */ = {
			isa = PBXTargetDependency;
			target = 9C3E67CF2F8B6B7F00DC8F69 /* CollegeTracker */;
			targetProxy = 9C3E67EA2F8B6B8000DC8F69 /* PBXContainerItemProxy */;
		};
/* End PBXTargetDependency section */

/* Begin XCBuildConfiguration section */
		9C3E67F12F8B6B8000DC8F69 /* Debug */ = {
			isa = XCBuildConfiguration;
			buildSettings = {
				ALWAYS_SEARCH_USER_PATHS = NO;
				ASSETCATALOG_COMPILER_GENERATE_SWIFT_ASSET_SYMBOL_EXTENSIONS = YES;
				CLANG_ANALYZER_NONNULL = YES;
				CLANG_ANALYZER_NUMBER_OBJECT_CONVERSION = YES_AGGRESSIVE;
				CLANG_CXX_LANGUAGE_STANDARD = "gnu++20";
				CLANG_ENABLE_MODULES = YES;
				CLANG_ENABLE_OBJC_ARC = YES;
				CLANG_ENABLE_OBJC_WEAK = YES;
				CLANG_WARN_BLOCK_CAPTURE_AUTORELEASING = YES;
				CLANG_WARN_BOOL_CONVERSION = YES;
				CLANG_WARN_COMMA = YES;
				CLANG_WARN_CONSTANT_CONVERSION = YES;
				CLANG_WARN_DEPRECATED_OBJC_IMPLEMENTATIONS = YES;
				CLANG_WARN_DIRECT_OBJC_ISA_USAGE = YES_ERROR;
				CLANG_WARN_DOCUMENTATION_COMMENTS = YES;
				CLANG_WARN_EMPTY_BODY = YES;
				CLANG_WARN_ENUM_CONVERSION = YES;
				CLANG_WARN_INFINITE_RECURSION = YES;
				CLANG_WARN_INT_CONVERSION = YES;
				CLANG_WARN_NON_LITERAL_NULL_CONVERSION = YES;
				CLANG_WARN_OBJC_IMPLICIT_RETAIN_SELF = YES;
				CLANG_WARN_OBJC_LITERAL_CONVERSION = YES;
				CLANG_WARN_OBJC_ROOT_CLASS = YES_ERROR;
				CLANG_WARN_QUOTED_INCLUDE_IN_FRAMEWORK_HEADER = YES;
				CLANG_WARN_RANGE_LOOP_ANALYSIS = YES;
				CLANG_WARN_STRICT_PROTOTYPES = YES;
				CLANG_WARN_SUSPICIOUS_MOVE = YES;
				CLANG_WARN_UNGUARDED_AVAILABILITY = YES_AGGRESSIVE;
				CLANG_WARN_UNREACHABLE_CODE = YES;
				CLANG_WARN__DUPLICATE_METHOD_MATCH = YES;
				COPY_PHASE_STRIP = NO;
				DEBUG_INFORMATION_FORMAT = dwarf;
				ENABLE_STRICT_OBJC_MSGSEND = YES;
				ENABLE_TESTABILITY = YES;
				ENABLE_USER_SCRIPT_SANDBOXING = YES;
				GCC_C_LANGUAGE_STANDARD = gnu17;
				GCC_DYNAMIC_NO_PIC = NO;
				GCC_NO_COMMON_BLOCKS = YES;
				GCC_OPTIMIZATION_LEVEL = 0;
				GCC_PREPROCESSOR_DEFINITIONS = (
					"DEBUG=1",
					"$(inherited)",
				);
				GCC_WARN_64_TO_32_BIT_CONVERSION = YES;
				GCC_WARN_ABOUT_RETURN_TYPE = YES_ERROR;
				GCC_WARN_UNDECLARED_SELECTOR = YES;
				GCC_WARN_UNINITIALIZED_AUTOS = YES_AGGRESSIVE;
				GCC_WARN_UNUSED_FUNCTION = YES;
				GCC_WARN_UNUSED_VARIABLE = YES;
				IPHONEOS_DEPLOYMENT_TARGET = 26.2;
				LOCALIZATION_PREFERS_STRING_CATALOGS = YES;
				MTL_ENABLE_DEBUG_INFO = INCLUDE_SOURCE;
				MTL_FAST_MATH = YES;
				ONLY_ACTIVE_ARCH = YES;
				SDKROOT = iphoneos;
				SWIFT_ACTIVE_COMPILATION_CONDITIONS = "DEBUG $(inherited)";
				SWIFT_OPTIMIZATION_LEVEL = "-Onone";
			};
			name = Debug;
		};
		9C3E67F22F8B6B8000DC8F69 /* Release */ = {
			isa = XCBuildConfiguration;
			buildSettings = {
				ALWAYS_SEARCH_USER_PATHS = NO;
				ASSETCATALOG_COMPILER_GENERATE_SWIFT_ASSET_SYMBOL_EXTENSIONS = YES;
				CLANG_ANALYZER_NONNULL = YES;
				CLANG_ANALYZER_NUMBER_OBJECT_CONVERSION = YES_AGGRESSIVE;
				CLANG_CXX_LANGUAGE_STANDARD = "gnu++20";
				CLANG_ENABLE_MODULES = YES;
				CLANG_ENABLE_OBJC_ARC = YES;
				CLANG_ENABLE_OBJC_WEAK = YES;
				CLANG_WARN_BLOCK_CAPTURE_AUTORELEASING = YES;
				CLANG_WARN_BOOL_CONVERSION = YES;
				CLANG_WARN_COMMA = YES;
				CLANG_WARN_CONSTANT_CONVERSION = YES;
				CLANG_WARN_DEPRECATED_OBJC_IMPLEMENTATIONS = YES;
				CLANG_WARN_DIRECT_OBJC_ISA_USAGE = YES_ERROR;
				CLANG_WARN_DOCUMENTATION_COMMENTS = YES;
				CLANG_WARN_EMPTY_BODY = YES;
				CLANG_WARN_ENUM_CONVERSION = YES;
				CLANG_WARN_INFINITE_RECURSION = YES;
				CLANG_WARN_INT_CONVERSION = YES;
				CLANG_WARN_NON_LITERAL_NULL_CONVERSION = YES;
				CLANG_WARN_OBJC_IMPLICIT_RETAIN_SELF = YES;
				CLANG_WARN_OBJC_LITERAL_CONVERSION = YES;
				CLANG_WARN_OBJC_ROOT_CLASS = YES_ERROR;
				CLANG_WARN_QUOTED_INCLUDE_IN_FRAMEWORK_HEADER = YES;
				CLANG_WARN_RANGE_LOOP_ANALYSIS = YES;
				CLANG_WARN_STRICT_PROTOTYPES = YES;
				CLANG_WARN_SUSPICIOUS_MOVE = YES;
				CLANG_WARN_UNGUARDED_AVAILABILITY = YES_AGGRESSIVE;
				CLANG_WARN_UNREACHABLE_CODE = YES;
				CLANG_WARN__DUPLICATE_METHOD_MATCH = YES;
				COPY_PHASE_STRIP = NO;
				DEBUG_INFORMATION_FORMAT = "dwarf-with-dsym";
				ENABLE_NS_ASSERTIONS = NO;
				ENABLE_STRICT_OBJC_MSGSEND = YES;
				ENABLE_USER_SCRIPT_SANDBOXING = YES;
				GCC_C_LANGUAGE_STANDARD = gnu17;
				GCC_NO_COMMON_BLOCKS = YES;
				GCC_WARN_64_TO_32_BIT_CONVERSION = YES;
				GCC_WARN_ABOUT_RETURN_TYPE = YES_ERROR;
				GCC_WARN_UNDECLARED_SELECTOR = YES;
				GCC_WARN_UNINITIALIZED_AUTOS = YES_AGGRESSIVE;
				GCC_WARN_UNUSED_FUNCTION = YES;
				GCC_WARN_UNUSED_VARIABLE = YES;
				IPHONEOS_DEPLOYMENT_TARGET = 26.2;
				LOCALIZATION_PREFERS_STRING_CATALOGS = YES;
				MTL_ENABLE_DEBUG_INFO = NO;
				MTL_FAST_MATH = YES;
				SDKROOT = iphoneos;
				SWIFT_COMPILATION_MODE = wholemodule;
				VALIDATE_PRODUCT = YES;
			};
			name = Release;
		};
		9C3E67F42F8B6B8000DC8F69 /* Debug */ = {
			isa = XCBuildConfiguration;
			buildSettings = {
				ASSETCATALOG_COMPILER_APPICON_NAME = AppIcon;
				ASSETCATALOG_COMPILER_GLOBAL_ACCENT_COLOR_NAME = AccentColor;
				CODE_SIGN_STYLE = Automatic;
				CURRENT_PROJECT_VERSION = 1;
				ENABLE_PREVIEWS = YES;
				GENERATE_INFOPLIST_FILE = YES;
				INFOPLIST_KEY_UIApplicationSceneManifest_Generation = YES;
				INFOPLIST_KEY_UIApplicationSupportsIndirectInputEvents = YES;
				INFOPLIST_KEY_UILaunchScreen_Generation = YES;
				INFOPLIST_KEY_UISupportedInterfaceOrientations_iPad = "UIInterfaceOrientationPortrait UIInterfaceOrientationPortraitUpsideDown UIInterfaceOrientationLandscapeLeft UIInterfaceOrientationLandscapeRight";
				INFOPLIST_KEY_UISupportedInterfaceOrientations_iPhone = "UIInterfaceOrientationPortrait UIInterfaceOrientationLandscapeLeft UIInterfaceOrientationLandscapeRight";
				LD_RUNPATH_SEARCH_PATHS = (
					"$(inherited)",
					"@executable_path/Frameworks",
				);
				MARKETING_VERSION = 1.0;
				PRODUCT_BUNDLE_IDENTIFIER = edu.asu.jwang875.CollegeTracker;
				PRODUCT_NAME = "$(TARGET_NAME)";
				STRING_CATALOG_GENERATE_SYMBOLS = YES;
				SWIFT_APPROACHABLE_CONCURRENCY = YES;
				SWIFT_DEFAULT_ACTOR_ISOLATION = MainActor;
				SWIFT_EMIT_LOC_STRINGS = YES;
				SWIFT_UPCOMING_FEATURE_MEMBER_IMPORT_VISIBILITY = YES;
				SWIFT_VERSION = 5.0;
				TARGETED_DEVICE_FAMILY = "1,2";
			};
			name = Debug;
		};
		9C3E67F52F8B6B8000DC8F69 /* Release */ = {
			isa = XCBuildConfiguration;
			buildSettings = {
				ASSETCATALOG_COMPILER_APPICON_NAME = AppIcon;
				ASSETCATALOG_COMPILER_GLOBAL_ACCENT_COLOR_NAME = AccentColor;
				CODE_SIGN_STYLE = Automatic;
				CURRENT_PROJECT_VERSION = 1;
				ENABLE_PREVIEWS = YES;
				GENERATE_INFOPLIST_FILE = YES;
				INFOPLIST_KEY_UIApplicationSceneManifest_Generation = YES;
				INFOPLIST_KEY_UIApplicationSupportsIndirectInputEvents = YES;
				INFOPLIST_KEY_UILaunchScreen_Generation = YES;
				INFOPLIST_KEY_UISupportedInterfaceOrientations_iPad = "UIInterfaceOrientationPortrait UIInterfaceOrientationPortraitUpsideDown UIInterfaceOrientationLandscapeLeft UIInterfaceOrientationLandscapeRight";
				INFOPLIST_KEY_UISupportedInterfaceOrientations_iPhone = "UIInterfaceOrientationPortrait UIInterfaceOrientationLandscapeLeft UIInterfaceOrientationLandscapeRight";
				LD_RUNPATH_SEARCH_PATHS = (
					"$(inherited)",
					"@executable_path/Frameworks",
				);
				MARKETING_VERSION = 1.0;
				PRODUCT_BUNDLE_IDENTIFIER = edu.asu.jwang875.CollegeTracker;
				PRODUCT_NAME = "$(TARGET_NAME)";
				STRING_CATALOG_GENERATE_SYMBOLS = YES;
				SWIFT_APPROACHABLE_CONCURRENCY = YES;
				SWIFT_DEFAULT_ACTOR_ISOLATION = MainActor;
				SWIFT_EMIT_LOC_STRINGS = YES;
				SWIFT_UPCOMING_FEATURE_MEMBER_IMPORT_VISIBILITY = YES;
				SWIFT_VERSION = 5.0;
				TARGETED_DEVICE_FAMILY = "1,2";
			};
			name = Release;
		};
		9C3E67F72F8B6B8000DC8F69 /* Debug */ = {
			isa = XCBuildConfiguration;
			buildSettings = {
				BUNDLE_LOADER = "$(TEST_HOST)";
				CODE_SIGN_STYLE = Automatic;
				CURRENT_PROJECT_VERSION = 1;
				GENERATE_INFOPLIST_FILE = YES;
				IPHONEOS_DEPLOYMENT_TARGET = 26.2;
				MARKETING_VERSION = 1.0;
				PRODUCT_BUNDLE_IDENTIFIER = edu.asu.jwang875.CollegeTrackerTests;
				PRODUCT_NAME = "$(TARGET_NAME)";
				STRING_CATALOG_GENERATE_SYMBOLS = NO;
				SWIFT_APPROACHABLE_CONCURRENCY = YES;
				SWIFT_EMIT_LOC_STRINGS = NO;
				SWIFT_UPCOMING_FEATURE_MEMBER_IMPORT_VISIBILITY = YES;
				SWIFT_VERSION = 5.0;
				TARGETED_DEVICE_FAMILY = "1,2";
				TEST_HOST = "$(BUILT_PRODUCTS_DIR)/CollegeTracker.app/$(BUNDLE_EXECUTABLE_FOLDER_PATH)/CollegeTracker";
			};
			name = Debug;
		};
		9C3E67F82F8B6B8000DC8F69 /* Release */ = {
			isa = XCBuildConfiguration;
			buildSettings = {
				BUNDLE_LOADER = "$(TEST_HOST)";
				CODE_SIGN_STYLE = Automatic;
				CURRENT_PROJECT_VERSION = 1;
				GENERATE_INFOPLIST_FILE = YES;
				IPHONEOS_DEPLOYMENT_TARGET = 26.2;
				MARKETING_VERSION = 1.0;
				PRODUCT_BUNDLE_IDENTIFIER = edu.asu.jwang875.CollegeTrackerTests;
				PRODUCT_NAME = "$(TARGET_NAME)";
				STRING_CATALOG_GENERATE_SYMBOLS = NO;
				SWIFT_APPROACHABLE_CONCURRENCY = YES;
				SWIFT_EMIT_LOC_STRINGS = NO;
				SWIFT_UPCOMING_FEATURE_MEMBER_IMPORT_VISIBILITY = YES;
				SWIFT_VERSION = 5.0;
				TARGETED_DEVICE_FAMILY = "1,2";
				TEST_HOST = "$(BUILT_PRODUCTS_DIR)/CollegeTracker.app/$(BUNDLE_EXECUTABLE_FOLDER_PATH)/CollegeTracker";
			};
			name = Release;
		};
		9C3E67FA2F8B6B8000DC8F69 /* Debug */ = {
			isa = XCBuildConfiguration;
			buildSettings = {
				CODE_SIGN_STYLE = Automatic;
				CURRENT_PROJECT_VERSION = 1;
				GENERATE_INFOPLIST_FILE = YES;
				MARKETING_VERSION = 1.0;
				PRODUCT_BUNDLE_IDENTIFIER = edu.asu.jwang875.CollegeTrackerUITests;
				PRODUCT_NAME = "$(TARGET_NAME)";
				STRING_CATALOG_GENERATE_SYMBOLS = NO;
				SWIFT_APPROACHABLE_CONCURRENCY = YES;
				SWIFT_EMIT_LOC_STRINGS = NO;
				SWIFT_UPCOMING_FEATURE_MEMBER_IMPORT_VISIBILITY = YES;
				SWIFT_VERSION = 5.0;
				TARGETED_DEVICE_FAMILY = "1,2";
				TEST_TARGET_NAME = CollegeTracker;
			};
			name = Debug;
		};
		9C3E67FB2F8B6B8000DC8F69 /* Release */ = {
			isa = XCBuildConfiguration;
			buildSettings = {
				CODE_SIGN_STYLE = Automatic;
				CURRENT_PROJECT_VERSION = 1;
				GENERATE_INFOPLIST_FILE = YES;
				MARKETING_VERSION = 1.0;
				PRODUCT_BUNDLE_IDENTIFIER = edu.asu.jwang875.CollegeTrackerUITests;
				PRODUCT_NAME = "$(TARGET_NAME)";
				STRING_CATALOG_GENERATE_SYMBOLS = NO;
				SWIFT_APPROACHABLE_CONCURRENCY = YES;
				SWIFT_EMIT_LOC_STRINGS = NO;
				SWIFT_UPCOMING_FEATURE_MEMBER_IMPORT_VISIBILITY = YES;
				SWIFT_VERSION = 5.0;
				TARGETED_DEVICE_FAMILY = "1,2";
				TEST_TARGET_NAME = CollegeTracker;
			};
			name = Release;
		};
/* End XCBuildConfiguration section */

/* Begin XCConfigurationList section */
		9C3E67CB2F8B6B7F00DC8F69 /* Build configuration list for PBXProject "CollegeTracker" */ = {
			isa = XCConfigurationList;
			buildConfigurations = (
				9C3E67F12F8B6B8000DC8F69 /* Debug */,
				9C3E67F22F8B6B8000DC8F69 /* Release */,
			);
			defaultConfigurationIsVisible = 0;
			defaultConfigurationName = Release;
		};
		9C3E67F32F8B6B8000DC8F69 /* Build configuration list for PBXNativeTarget "CollegeTracker" */ = {
			isa = XCConfigurationList;
			buildConfigurations = (
				9C3E67F42F8B6B8000DC8F69 /* Debug */,
				9C3E67F52F8B6B8000DC8F69 /* Release */,
			);
			defaultConfigurationIsVisible = 0;
			defaultConfigurationName = Release;
		};
		9C3E67F62F8B6B8000DC8F69 /* Build configuration list for PBXNativeTarget "CollegeTrackerTests" */ = {
			isa = XCConfigurationList;
			buildConfigurations = (
				9C3E67F72F8B6B8000DC8F69 /* Debug */,
				9C3E67F82F8B6B8000DC8F69 /* Release */,
			);
			defaultConfigurationIsVisible = 0;
			defaultConfigurationName = Release;
		};
		9C3E67F92F8B6B8000DC8F69 /* Build configuration list for PBXNativeTarget "CollegeTrackerUITests" */ = {
			isa = XCConfigurationList;
			buildConfigurations = (
				9C3E67FA2F8B6B8000DC8F69 /* Debug */,
				9C3E67FB2F8B6B8000DC8F69 /* Release */,
			);
			defaultConfigurationIsVisible = 0;
			defaultConfigurationName = Release;
		};
/* End XCConfigurationList section */
	};
	rootObject = 9C3E67C82F8B6B7F00DC8F69 /* Project object */;
}
